
Microsoft Visual Studio Solution File, Format Version 12.00
# Visual Studio Version 16
VisualStudioVersion = 16.0.810.6
MinimumVisualStudioVersion = 10.0.40219.1
Project("{FAE04EC0-301F-11D3-BF4B-00C04F79EFBC}") = "MSAYearbook", "MSA-Yearbook\MSAYearbook.csproj", "{C2D8A7AC-CCF6-40C0-A4F7-AF2B8B742542}"
EndProject
Global
	GlobalSection(SolutionConfigurationPlatforms) = preSolution
		Debug|Any CPU = Debug|Any CPU
		Release|Any CPU = Release|Any CPU
	EndGlobalSection
	GlobalSection(ProjectConfigurationPlatforms) = postSolution
		{C2D8A7AC-CCF6-40C0-A4F7-AF2B8B742542}.Debug|Any CPU.ActiveCfg = Debug|Any CPU
		{C2D8A7AC-CCF6-40C0-A4F7-AF2B8B742542}.Debug|Any CPU.Build.0 = Debug|Any CPU
		{C2D8A7AC-CCF6-40C0-A4F7-AF2B8B742542}.Release|Any CPU.ActiveCfg = Release|Any CPU
		{C2D8A7AC-CCF6-40C0-A4F7-AF2B8B742542}.Release|Any CPU.Build.0 = Release|Any CPU
	EndGlobalSection
	GlobalSection(SolutionProperties) = preSolution
		HideSolutionNode = FALSE
	EndGlobalSection
	GlobalSection(ExtensibilityGlobals) = postSolution
		SolutionGuid = {2096CBE2-DDAE-43EF-996D-D6F69F0A8932}
	EndGlobalSection
EndGlobal
